
Microsoft Visual Studio Solution File, Format Version 12.00
# Visual Studio 2012
Project("{FAE04EC0-301F-11D3-BF4B-00C04F79EFBC}") = "WpfDataBindingWait", "WpfDataBindingWait\WpfDataBindingWait.csproj", "{0F877D99-93FC-4034-A7FE-B73E75F3BFE6}"
EndProject
Global
	GlobalSection(SolutionConfigurationPlatforms) = preSolution
		Debug|Any CPU = Debug|Any CPU
		Release|Any CPU = Release|Any CPU
	EndGlobalSection
	GlobalSection(ProjectConfigurationPlatforms) = postSolution
		{0F877D99-93FC-4034-A7FE-B73E75F3BFE6}.Debug|Any CPU.ActiveCfg = Debug|Any CPU
		{0F877D99-93FC-4034-A7FE-B73E75F3BFE6}.Debug|Any CPU.Build.0 = Debug|Any CPU
		{0F877D99-93FC-4034-A7FE-B73E75F3BFE6}.Release|Any CPU.ActiveCfg = Release|Any CPU
		{0F877D99-93FC-4034-A7FE-B73E75F3BFE6}.Release|Any CPU.Build.0 = Release|Any CPU
	EndGlobalSection
	GlobalSection(SolutionProperties) = preSolution
		HideSolutionNode = FALSE
	EndGlobalSection
EndGlobal
