
Microsoft Visual Studio Solution File, Format Version 12.00
# Visual Studio 2012
Project("{FAE04EC0-301F-11D3-BF4B-00C04F79EFBC}") = "TaskWhenAnyExample1", "Code\TaskWhenAnyExample1.csproj", "{850C0397-45B2-4B97-A59C-02DF4AA12934}"
EndProject
Global
	GlobalSection(SolutionConfigurationPlatforms) = preSolution
		Debug|Any CPU = Debug|Any CPU
		Release|Any CPU = Release|Any CPU
	EndGlobalSection
	GlobalSection(ProjectConfigurationPlatforms) = postSolution
		{850C0397-45B2-4B97-A59C-02DF4AA12934}.Debug|Any CPU.ActiveCfg = Debug|Any CPU
		{850C0397-45B2-4B97-A59C-02DF4AA12934}.Debug|Any CPU.Build.0 = Debug|Any CPU
		{850C0397-45B2-4B97-A59C-02DF4AA12934}.Release|Any CPU.ActiveCfg = Release|Any CPU
		{850C0397-45B2-4B97-A59C-02DF4AA12934}.Release|Any CPU.Build.0 = Release|Any CPU
	EndGlobalSection
	GlobalSection(SolutionProperties) = preSolution
		HideSolutionNode = FALSE
	EndGlobalSection
EndGlobal
