
Microsoft Visual Studio Solution File, Format Version 12.00
# Visual Studio 2012
Project("{FAE04EC0-301F-11D3-BF4B-00C04F79EFBC}") = "StyleBinding", "StyleBinding\StyleBinding.csproj", "{8D18AD81-F22C-4BCD-8785-2065FF99136D}"
EndProject
Project("{FAE04EC0-301F-11D3-BF4B-00C04F79EFBC}") = "StyleBinding.Web", "StyleBinding.Web\StyleBinding.Web.csproj", "{C4AC425D-694C-4A0C-94DE-023F87D9C5EF}"
EndProject
Global
	GlobalSection(SolutionConfigurationPlatforms) = preSolution
		Debug|Any CPU = Debug|Any CPU
		Release|Any CPU = Release|Any CPU
	EndGlobalSection
	GlobalSection(ProjectConfigurationPlatforms) = postSolution
		{8D18AD81-F22C-4BCD-8785-2065FF99136D}.Debug|Any CPU.ActiveCfg = Debug|Any CPU
		{8D18AD81-F22C-4BCD-8785-2065FF99136D}.Debug|Any CPU.Build.0 = Debug|Any CPU
		{8D18AD81-F22C-4BCD-8785-2065FF99136D}.Release|Any CPU.ActiveCfg = Release|Any CPU
		{8D18AD81-F22C-4BCD-8785-2065FF99136D}.Release|Any CPU.Build.0 = Release|Any CPU
		{C4AC425D-694C-4A0C-94DE-023F87D9C5EF}.Debug|Any CPU.ActiveCfg = Debug|Any CPU
		{C4AC425D-694C-4A0C-94DE-023F87D9C5EF}.Debug|Any CPU.Build.0 = Debug|Any CPU
		{C4AC425D-694C-4A0C-94DE-023F87D9C5EF}.Release|Any CPU.ActiveCfg = Release|Any CPU
		{C4AC425D-694C-4A0C-94DE-023F87D9C5EF}.Release|Any CPU.Build.0 = Release|Any CPU
	EndGlobalSection
	GlobalSection(SolutionProperties) = preSolution
		HideSolutionNode = FALSE
	EndGlobalSection
EndGlobal
