
Microsoft Visual Studio Solution File, Format Version 12.00
# Visual Studio 2012
Project("{FAE04EC0-301F-11D3-BF4B-00C04F79EFBC}") = "Chapter 2 IDE Fakes", "Chapter 2 IDE Fakes\Chapter 2 IDE Fakes.csproj", "{C6576CD4-9CBB-444F-80B9-7B7DDCB05A71}"
EndProject
Project("{FAE04EC0-301F-11D3-BF4B-00C04F79EFBC}") = "Chapter 2 IDE Fakes.Test", "Chapter 2 IDE Fakes.Test\Chapter 2 IDE Fakes.Test.csproj", "{05F140E1-6B8D-4310-A9CF-A81779C7555C}"
EndProject
Global
	GlobalSection(SolutionConfigurationPlatforms) = preSolution
		Debug|Any CPU = Debug|Any CPU
		Release|Any CPU = Release|Any CPU
	EndGlobalSection
	GlobalSection(ProjectConfigurationPlatforms) = postSolution
		{C6576CD4-9CBB-444F-80B9-7B7DDCB05A71}.Debug|Any CPU.ActiveCfg = Debug|Any CPU
		{C6576CD4-9CBB-444F-80B9-7B7DDCB05A71}.Debug|Any CPU.Build.0 = Debug|Any CPU
		{C6576CD4-9CBB-444F-80B9-7B7DDCB05A71}.Release|Any CPU.ActiveCfg = Release|Any CPU
		{C6576CD4-9CBB-444F-80B9-7B7DDCB05A71}.Release|Any CPU.Build.0 = Release|Any CPU
		{05F140E1-6B8D-4310-A9CF-A81779C7555C}.Debug|Any CPU.ActiveCfg = Debug|Any CPU
		{05F140E1-6B8D-4310-A9CF-A81779C7555C}.Debug|Any CPU.Build.0 = Debug|Any CPU
		{05F140E1-6B8D-4310-A9CF-A81779C7555C}.Release|Any CPU.ActiveCfg = Release|Any CPU
		{05F140E1-6B8D-4310-A9CF-A81779C7555C}.Release|Any CPU.Build.0 = Release|Any CPU
	EndGlobalSection
	GlobalSection(SolutionProperties) = preSolution
		HideSolutionNode = FALSE
	EndGlobalSection
EndGlobal
