
Microsoft Visual Studio Solution File, Format Version 12.00
# Visual Studio 2012
Project("{FAE04EC0-301F-11D3-BF4B-00C04F79EFBC}") = "ZipFileExample", "ZipFileExample\ZipFileExample.csproj", "{FE880691-860C-4EBA-AF80-CFA279B9C50F}"
EndProject
Project("{FAE04EC0-301F-11D3-BF4B-00C04F79EFBC}") = "ZipArchiveExample", "ZipArchiveExample\ZipArchiveExample.csproj", "{AA9067BC-C984-4F40-978C-7DB7135E13B8}"
EndProject
Global
	GlobalSection(SolutionConfigurationPlatforms) = preSolution
		Debug|Any CPU = Debug|Any CPU
		Release|Any CPU = Release|Any CPU
	EndGlobalSection
	GlobalSection(ProjectConfigurationPlatforms) = postSolution
		{FE880691-860C-4EBA-AF80-CFA279B9C50F}.Debug|Any CPU.ActiveCfg = Debug|Any CPU
		{FE880691-860C-4EBA-AF80-CFA279B9C50F}.Debug|Any CPU.Build.0 = Debug|Any CPU
		{FE880691-860C-4EBA-AF80-CFA279B9C50F}.Release|Any CPU.ActiveCfg = Release|Any CPU
		{FE880691-860C-4EBA-AF80-CFA279B9C50F}.Release|Any CPU.Build.0 = Release|Any CPU
		{AA9067BC-C984-4F40-978C-7DB7135E13B8}.Debug|Any CPU.ActiveCfg = Debug|Any CPU
		{AA9067BC-C984-4F40-978C-7DB7135E13B8}.Debug|Any CPU.Build.0 = Debug|Any CPU
		{AA9067BC-C984-4F40-978C-7DB7135E13B8}.Release|Any CPU.ActiveCfg = Release|Any CPU
		{AA9067BC-C984-4F40-978C-7DB7135E13B8}.Release|Any CPU.Build.0 = Release|Any CPU
	EndGlobalSection
	GlobalSection(SolutionProperties) = preSolution
		HideSolutionNode = FALSE
	EndGlobalSection
EndGlobal
