
Microsoft Visual Studio Solution File, Format Version 12.00
# Visual Studio 2012
Project("{FAE04EC0-301F-11D3-BF4B-00C04F79EFBC}") = "SLTextBasedChanges", "SLTextBasedChanges\SLTextBasedChanges.csproj", "{CE87447E-95E4-4DC5-8F0E-DBA371403620}"
EndProject
Project("{FAE04EC0-301F-11D3-BF4B-00C04F79EFBC}") = "SLTextBasedChanges.Web", "SLTextBasedChanges.Web\SLTextBasedChanges.Web.csproj", "{F5F712A0-5683-4621-9167-6FC0B1DCAA80}"
EndProject
Global
	GlobalSection(SolutionConfigurationPlatforms) = preSolution
		Debug|Any CPU = Debug|Any CPU
		Release|Any CPU = Release|Any CPU
	EndGlobalSection
	GlobalSection(ProjectConfigurationPlatforms) = postSolution
		{CE87447E-95E4-4DC5-8F0E-DBA371403620}.Debug|Any CPU.ActiveCfg = Debug|Any CPU
		{CE87447E-95E4-4DC5-8F0E-DBA371403620}.Debug|Any CPU.Build.0 = Debug|Any CPU
		{CE87447E-95E4-4DC5-8F0E-DBA371403620}.Release|Any CPU.ActiveCfg = Release|Any CPU
		{CE87447E-95E4-4DC5-8F0E-DBA371403620}.Release|Any CPU.Build.0 = Release|Any CPU
		{F5F712A0-5683-4621-9167-6FC0B1DCAA80}.Debug|Any CPU.ActiveCfg = Debug|Any CPU
		{F5F712A0-5683-4621-9167-6FC0B1DCAA80}.Debug|Any CPU.Build.0 = Debug|Any CPU
		{F5F712A0-5683-4621-9167-6FC0B1DCAA80}.Release|Any CPU.ActiveCfg = Release|Any CPU
		{F5F712A0-5683-4621-9167-6FC0B1DCAA80}.Release|Any CPU.Build.0 = Release|Any CPU
	EndGlobalSection
	GlobalSection(SolutionProperties) = preSolution
		HideSolutionNode = FALSE
	EndGlobalSection
EndGlobal
